// !$*UTF8*$!
{
	archiveVersion = 1;
	classes = {
	};
	objectVersion = 51;
	objects = {

/* Begin PBXBuildFile section */
		A93DC22627AD6EE9001AA484 /* AppDelegate.swift in Sources */ = {isa = PBXBuildFile; fileRef = A93DC22527AD6EE9001AA484 /* AppDelegate.swift */; };
		A93DC22A27AD6EE9001AA484 /* ViewController.swift in Sources */ = {isa = PBXBuildFile; fileRef = A93DC22927AD6EE9001AA484 /* ViewController.swift */; };
		A93DC22F27AD6EEC001AA484 /* Assets.xcassets in Resources */ = {isa = PBXBuildFile; fileRef = A93DC22E27AD6EEC001AA484 /* Assets.xcassets */; };
		A93DC23227AD6EEC001AA484 /* LaunchScreen.storyboard in Resources */ = {isa = PBXBuildFile; fileRef = A93DC23027AD6EEC001AA484 /* LaunchScreen.storyboard */; };
		A93DC23C27AD6FF9001AA484 /* CustomCell.swift in Sources */ = {isa = PBXBuildFile; fileRef = A93DC23B27AD6FF9001AA484 /* CustomCell.swift */; };
		A93DC24227AD73D5001AA484 /* NetworkManager.swift in Sources */ = {isa = PBXBuildFile; fileRef = A93DC24127AD73D5001AA484 /* NetworkManager.swift */; };
		A93DC24627AD73EC001AA484 /* BaseService.swift in Sources */ = {isa = PBXBuildFile; fileRef = A93DC24527AD73EC001AA484 /* BaseService.swift */; };
		A93DC24A27AD7403001AA484 /* BaseVM.swift in Sources */ = {isa = PBXBuildFile; fileRef = A93DC24927AD7403001AA484 /* BaseVM.swift */; };
		A93DC24D27AD7411001AA484 /* BaseVC.swift in Sources */ = {isa = PBXBuildFile; fileRef = A93DC24C27AD7411001AA484 /* BaseVC.swift */; };
		A93DC25027AD7421001AA484 /* BaseView.swift in Sources */ = {isa = PBXBuildFile; fileRef = A93DC24F27AD7421001AA484 /* BaseView.swift */; };
		A93DC25927AD74A5001AA484 /* MainVC.swift in Sources */ = {isa = PBXBuildFile; fileRef = A93DC25827AD74A5001AA484 /* MainVC.swift */; };
		A93DC25C27AD74D8001AA484 /* MainVM.swift in Sources */ = {isa = PBXBuildFile; fileRef = A93DC25B27AD74D8001AA484 /* MainVM.swift */; };
		A93DC25F27AD74E8001AA484 /* MainView.swift in Sources */ = {isa = PBXBuildFile; fileRef = A93DC25E27AD74E8001AA484 /* MainView.swift */; };
		A93DC26227AD7537001AA484 /* MainService.swift in Sources */ = {isa = PBXBuildFile; fileRef = A93DC26127AD7537001AA484 /* MainService.swift */; };
		A93DC26527AD7559001AA484 /* CityModel.swift in Sources */ = {isa = PBXBuildFile; fileRef = A93DC26427AD7559001AA484 /* CityModel.swift */; };
		A93DC26827AD756C001AA484 /* CityCell.swift in Sources */ = {isa = PBXBuildFile; fileRef = A93DC26727AD756C001AA484 /* CityCell.swift */; };
		A9F1E19327ADAF590088ED95 /* WheaterService.swift in Sources */ = {isa = PBXBuildFile; fileRef = A9F1E19227ADAF590088ED95 /* WheaterService.swift */; };
		A9F1E19627ADAF7B0088ED95 /* WheaterModel.swift in Sources */ = {isa = PBXBuildFile; fileRef = A9F1E19527ADAF7B0088ED95 /* WheaterModel.swift */; };
		A9F1E19927ADAFD60088ED95 /* WheaterView.swift in Sources */ = {isa = PBXBuildFile; fileRef = A9F1E19827ADAFD60088ED95 /* WheaterView.swift */; };
		A9F1E19C27ADB00F0088ED95 /* WheaterVM.swift in Sources */ = {isa = PBXBuildFile; fileRef = A9F1E19B27ADB00F0088ED95 /* WheaterVM.swift */; };
		A9F1E19F27ADB0AD0088ED95 /* WheaterController.swift in Sources */ = {isa = PBXBuildFile; fileRef = A9F1E19E27ADB0AD0088ED95 /* WheaterController.swift */; };
		A9F1E1A527ADF9AA0088ED95 /* WheaterCell.swift in Sources */ = {isa = PBXBuildFile; fileRef = A9F1E1A427ADF9AA0088ED95 /* WheaterCell.swift */; };
		A9F1E1A927ADFCC60088ED95 /* UIView+Extension.swift in Sources */ = {isa = PBXBuildFile; fileRef = A9F1E1A827ADFCC60088ED95 /* UIView+Extension.swift */; };
		F269564A4BF636D8687760D7 /* Pods_MetaWheater.framework in Frameworks */ = {isa = PBXBuildFile; fileRef = BE2653E72972AA35BAEEC81B /* Pods_MetaWheater.framework */; };
/* End PBXBuildFile section */

/* Begin PBXFileReference section */
		04EC6F8B3A4B07BF7A4A9E5E /* Pods-MetaWheater.debug.xcconfig */ = {isa = PBXFileReference; includeInIndex = 1; lastKnownFileType = text.xcconfig; name = "Pods-MetaWheater.debug.xcconfig"; path = "Target Support Files/Pods-MetaWheater/Pods-MetaWheater.debug.xcconfig"; sourceTree = "<group>"; };
		47462FBC40B1F930F4ED0F93 /* Pods-MetaWheater.release.xcconfig */ = {isa = PBXFileReference; includeInIndex = 1; lastKnownFileType = text.xcconfig; name = "Pods-MetaWheater.release.xcconfig"; path = "Target Support Files/Pods-MetaWheater/Pods-MetaWheater.release.xcconfig"; sourceTree = "<group>"; };
		A93DC22227AD6EE9001AA484 /* MetaWheater.app */ = {isa = PBXFileReference; explicitFileType = wrapper.application; includeInIndex = 0; path = MetaWheater.app; sourceTree = BUILT_PRODUCTS_DIR; };
		A93DC22527AD6EE9001AA484 /* AppDelegate.swift */ = {isa = PBXFileReference; lastKnownFileType = sourcecode.swift; path = AppDelegate.swift; sourceTree = "<group>"; };
		A93DC22927AD6EE9001AA484 /* ViewController.swift */ = {isa = PBXFileReference; lastKnownFileType = sourcecode.swift; path = ViewController.swift; sourceTree = "<group>"; };
		A93DC22E27AD6EEC001AA484 /* Assets.xcassets */ = {isa = PBXFileReference; lastKnownFileType = folder.assetcatalog; path = Assets.xcassets; sourceTree = "<group>"; };
		A93DC23127AD6EEC001AA484 /* Base */ = {isa = PBXFileReference; lastKnownFileType = file.storyboard; name = Base; path = Base.lproj/LaunchScreen.storyboard; sourceTree = "<group>"; };
		A93DC23327AD6EEC001AA484 /* Info.plist */ = {isa = PBXFileReference; lastKnownFileType = text.plist.xml; path = Info.plist; sourceTree = "<group>"; };
		A93DC23B27AD6FF9001AA484 /* CustomCell.swift */ = {isa = PBXFileReference; lastKnownFileType = sourcecode.swift; path = CustomCell.swift; sourceTree = "<group>"; };
		A93DC24127AD73D5001AA484 /* NetworkManager.swift */ = {isa = PBXFileReference; lastKnownFileType = sourcecode.swift; path = NetworkManager.swift; sourceTree = "<group>"; };
		A93DC24527AD73EC001AA484 /* BaseService.swift */ = {isa = PBXFileReference; lastKnownFileType = sourcecode.swift; path = BaseService.swift; sourceTree = "<group>"; };
		A93DC24927AD7403001AA484 /* BaseVM.swift */ = {isa = PBXFileReference; lastKnownFileType = sourcecode.swift; path = BaseVM.swift; sourceTree = "<group>"; };
		A93DC24C27AD7411001AA484 /* BaseVC.swift */ = {isa = PBXFileReference; lastKnownFileType = sourcecode.swift; path = BaseVC.swift; sourceTree = "<group>"; };
		A93DC24F27AD7421001AA484 /* BaseView.swift */ = {isa = PBXFileReference; lastKnownFileType = sourcecode.swift; path = BaseView.swift; sourceTree = "<group>"; };
		A93DC25827AD74A5001AA484 /* MainVC.swift */ = {isa = PBXFileReference; lastKnownFileType = sourcecode.swift; path = MainVC.swift; sourceTree = "<group>"; };
		A93DC25B27AD74D8001AA484 /* MainVM.swift */ = {isa = PBXFileReference; lastKnownFileType = sourcecode.swift; path = MainVM.swift; sourceTree = "<group>"; };
		A93DC25E27AD74E8001AA484 /* MainView.swift */ = {isa = PBXFileReference; lastKnownFileType = sourcecode.swift; path = MainView.swift; sourceTree = "<group>"; };
		A93DC26127AD7537001AA484 /* MainService.swift */ = {isa = PBXFileReference; lastKnownFileType = sourcecode.swift; path = MainService.swift; sourceTree = "<group>"; };
		A93DC26427AD7559001AA484 /* CityModel.swift */ = {isa = PBXFileReference; lastKnownFileType = sourcecode.swift; path = CityModel.swift; sourceTree = "<group>"; };
		A93DC26727AD756C001AA484 /* CityCell.swift */ = {isa = PBXFileReference; lastKnownFileType = sourcecode.swift; path = CityCell.swift; sourceTree = "<group>"; };
		A9F1E19227ADAF590088ED95 /* WheaterService.swift */ = {isa = PBXFileReference; lastKnownFileType = sourcecode.swift; path = WheaterService.swift; sourceTree = "<group>"; };
		A9F1E19527ADAF7B0088ED95 /* WheaterModel.swift */ = {isa = PBXFileReference; lastKnownFileType = sourcecode.swift; path = WheaterModel.swift; sourceTree = "<group>"; };
		A9F1E19827ADAFD60088ED95 /* WheaterView.swift */ = {isa = PBXFileReference; lastKnownFileType = sourcecode.swift; path = WheaterView.swift; sourceTree = "<group>"; };
		A9F1E19B27ADB00F0088ED95 /* WheaterVM.swift */ = {isa = PBXFileReference; lastKnownFileType = sourcecode.swift; path = WheaterVM.swift; sourceTree = "<group>"; };
		A9F1E19E27ADB0AD0088ED95 /* WheaterController.swift */ = {isa = PBXFileReference; lastKnownFileType = sourcecode.swift; path = WheaterController.swift; sourceTree = "<group>"; };
		A9F1E1A427ADF9AA0088ED95 /* WheaterCell.swift */ = {isa = PBXFileReference; lastKnownFileType = sourcecode.swift; path = WheaterCell.swift; sourceTree = "<group>"; };
		A9F1E1A827ADFCC60088ED95 /* UIView+Extension.swift */ = {isa = PBXFileReference; lastKnownFileType = sourcecode.swift; path = "UIView+Extension.swift"; sourceTree = "<group>"; };
		BE2653E72972AA35BAEEC81B /* Pods_MetaWheater.framework */ = {isa = PBXFileReference; explicitFileType = wrapper.framework; includeInIndex = 0; path = Pods_MetaWheater.framework; sourceTree = BUILT_PRODUCTS_DIR; };
/* End PBXFileReference section */

/* Begin PBXFrameworksBuildPhase section */
		A93DC21F27AD6EE9001AA484 /* Frameworks */ = {
			isa = PBXFrameworksBuildPhase;
			buildActionMask = 2147483647;
			files = (
				F269564A4BF636D8687760D7 /* Pods_MetaWheater.framework in Frameworks */,
			);
			runOnlyForDeploymentPostprocessing = 0;
		};
/* End PBXFrameworksBuildPhase section */

/* Begin PBXGroup section */
		8AD4C17B6A9DDDF5CA95EEBB /* Pods */ = {
			isa = PBXGroup;
			children = (
				04EC6F8B3A4B07BF7A4A9E5E /* Pods-MetaWheater.debug.xcconfig */,
				47462FBC40B1F930F4ED0F93 /* Pods-MetaWheater.release.xcconfig */,
			);
			path = Pods;
			sourceTree = "<group>";
		};
		A93DC21927AD6EE9001AA484 = {
			isa = PBXGroup;
			children = (
				A93DC22427AD6EE9001AA484 /* MetaWheater */,
				A93DC22327AD6EE9001AA484 /* Products */,
				8AD4C17B6A9DDDF5CA95EEBB /* Pods */,
				BAD35F4CE7607E4A51F17F3F /* Frameworks */,
			);
			sourceTree = "<group>";
		};
		A93DC22327AD6EE9001AA484 /* Products */ = {
			isa = PBXGroup;
			children = (
				A93DC22227AD6EE9001AA484 /* MetaWheater.app */,
			);
			name = Products;
			sourceTree = "<group>";
		};
		A93DC22427AD6EE9001AA484 /* MetaWheater */ = {
			isa = PBXGroup;
			children = (
				A9F1E1A727ADFC9A0088ED95 /* Helper */,
				A9F1E19127ADAF450088ED95 /* WheaterController */,
				A93DC25627AD748B001AA484 /* MainController */,
				A93DC24827AD73FC001AA484 /* Base */,
				A93DC24027AD73CB001AA484 /* Network */,
				A93DC22527AD6EE9001AA484 /* AppDelegate.swift */,
				A93DC22927AD6EE9001AA484 /* ViewController.swift */,
				A93DC22E27AD6EEC001AA484 /* Assets.xcassets */,
				A93DC23027AD6EEC001AA484 /* LaunchScreen.storyboard */,
				A93DC23327AD6EEC001AA484 /* Info.plist */,
				A93DC23B27AD6FF9001AA484 /* CustomCell.swift */,
			);
			path = MetaWheater;
			sourceTree = "<group>";
		};
		A93DC24027AD73CB001AA484 /* Network */ = {
			isa = PBXGroup;
			children = (
				A93DC24127AD73D5001AA484 /* NetworkManager.swift */,
				A93DC24527AD73EC001AA484 /* BaseService.swift */,
			);
			path = Network;
			sourceTree = "<group>";
		};
		A93DC24827AD73FC001AA484 /* Base */ = {
			isa = PBXGroup;
			children = (
				A93DC24927AD7403001AA484 /* BaseVM.swift */,
				A93DC24C27AD7411001AA484 /* BaseVC.swift */,
				A93DC24F27AD7421001AA484 /* BaseView.swift */,
			);
			path = Base;
			sourceTree = "<group>";
		};
		A93DC25627AD748B001AA484 /* MainController */ = {
			isa = PBXGroup;
			children = (
				A93DC25827AD74A5001AA484 /* MainVC.swift */,
				A93DC25B27AD74D8001AA484 /* MainVM.swift */,
				A93DC25E27AD74E8001AA484 /* MainView.swift */,
				A93DC26127AD7537001AA484 /* MainService.swift */,
				A93DC26427AD7559001AA484 /* CityModel.swift */,
				A93DC26727AD756C001AA484 /* CityCell.swift */,
			);
			path = MainController;
			sourceTree = "<group>";
		};
		A9F1E19127ADAF450088ED95 /* WheaterController */ = {
			isa = PBXGroup;
			children = (
				A9F1E19227ADAF590088ED95 /* WheaterService.swift */,
				A9F1E19527ADAF7B0088ED95 /* WheaterModel.swift */,
				A9F1E19827ADAFD60088ED95 /* WheaterView.swift */,
				A9F1E19B27ADB00F0088ED95 /* WheaterVM.swift */,
				A9F1E19E27ADB0AD0088ED95 /* WheaterController.swift */,
				A9F1E1A427ADF9AA0088ED95 /* WheaterCell.swift */,
			);
			path = WheaterController;
			sourceTree = "<group>";
		};
		A9F1E1A727ADFC9A0088ED95 /* Helper */ = {
			isa = PBXGroup;
			children = (
				A9F1E1A827ADFCC60088ED95 /* UIView+Extension.swift */,
			);
			path = Helper;
			sourceTree = "<group>";
		};
		BAD35F4CE7607E4A51F17F3F /* Frameworks */ = {
			isa = PBXGroup;
			children = (
				BE2653E72972AA35BAEEC81B /* Pods_MetaWheater.framework */,
			);
			name = Frameworks;
			sourceTree = "<group>";
		};
/* End PBXGroup section */

/* Begin PBXNativeTarget section */
		A93DC22127AD6EE9001AA484 /* MetaWheater */ = {
			isa = PBXNativeTarget;
			buildConfigurationList = A93DC23627AD6EEC001AA484 /* Build configuration list for PBXNativeTarget "MetaWheater" */;
			buildPhases = (
				868822E8E8BD5F27EB4E373B /* [CP] Check Pods Manifest.lock */,
				A93DC21E27AD6EE9001AA484 /* Sources */,
				A93DC21F27AD6EE9001AA484 /* Frameworks */,
				A93DC22027AD6EE9001AA484 /* Resources */,
				E418E777A96F7CB02C277823 /* [CP] Embed Pods Frameworks */,
			);
			buildRules = (
			);
			dependencies = (
			);
			name = MetaWheater;
			productName = MetaWheater;
			productReference = A93DC22227AD6EE9001AA484 /* MetaWheater.app */;
			productType = "com.apple.product-type.application";
		};
/* End PBXNativeTarget section */

/* Begin PBXProject section */
		A93DC21A27AD6EE9001AA484 /* Project object */ = {
			isa = PBXProject;
			attributes = {
				LastSwiftUpdateCheck = 1240;
				LastUpgradeCheck = 1240;
				TargetAttributes = {
					A93DC22127AD6EE9001AA484 = {
						CreatedOnToolsVersion = 12.4;
					};
				};
			};
			buildConfigurationList = A93DC21D27AD6EE9001AA484 /* Build configuration list for PBXProject "MetaWheater" */;
			compatibilityVersion = "Xcode 9.3";
			developmentRegion = en;
			hasScannedForEncodings = 0;
			knownRegions = (
				en,
				Base,
			);
			mainGroup = A93DC21927AD6EE9001AA484;
			productRefGroup = A93DC22327AD6EE9001AA484 /* Products */;
			projectDirPath = "";
			projectRoot = "";
			targets = (
				A93DC22127AD6EE9001AA484 /* MetaWheater */,
			);
		};
/* End PBXProject section */

/* Begin PBXResourcesBuildPhase section */
		A93DC22027AD6EE9001AA484 /* Resources */ = {
			isa = PBXResourcesBuildPhase;
			buildActionMask = 2147483647;
			files = (
				A93DC23227AD6EEC001AA484 /* LaunchScreen.storyboard in Resources */,
				A93DC22F27AD6EEC001AA484 /* Assets.xcassets in Resources */,
			);
			runOnlyForDeploymentPostprocessing = 0;
		};
/* End PBXResourcesBuildPhase section */

/* Begin PBXShellScriptBuildPhase section */
		868822E8E8BD5F27EB4E373B /* [CP] Check Pods Manifest.lock */ = {
			isa = PBXShellScriptBuildPhase;
			buildActionMask = 2147483647;
			files = (
			);
			inputFileListPaths = (
			);
			inputPaths = (
				"${PODS_PODFILE_DIR_PATH}/Podfile.lock",
				"${PODS_ROOT}/Manifest.lock",
			);
			name = "[CP] Check Pods Manifest.lock";
			outputFileListPaths = (
			);
			outputPaths = (
				"$(DERIVED_FILE_DIR)/Pods-MetaWheater-checkManifestLockResult.txt",
			);
			runOnlyForDeploymentPostprocessing = 0;
			shellPath = /bin/sh;
			shellScript = "diff \"${PODS_PODFILE_DIR_PATH}/Podfile.lock\" \"${PODS_ROOT}/Manifest.lock\" > /dev/null\nif [ $? != 0 ] ; then\n    # print error to STDERR\n    echo \"error: The sandbox is not in sync with the Podfile.lock. Run 'pod install' or update your CocoaPods installation.\" >&2\n    exit 1\nfi\n# This output is used by Xcode 'outputs' to avoid re-running this script phase.\necho \"SUCCESS\" > \"${SCRIPT_OUTPUT_FILE_0}\"\n";
			showEnvVarsInLog = 0;
		};
		E418E777A96F7CB02C277823 /* [CP] Embed Pods Frameworks */ = {
			isa = PBXShellScriptBuildPhase;
			buildActionMask = 2147483647;
			files = (
			);
			inputFileListPaths = (
				"${PODS_ROOT}/Target Support Files/Pods-MetaWheater/Pods-MetaWheater-frameworks-${CONFIGURATION}-input-files.xcfilelist",
			);
			name = "[CP] Embed Pods Frameworks";
			outputFileListPaths = (
				"${PODS_ROOT}/Target Support Files/Pods-MetaWheater/Pods-MetaWheater-frameworks-${CONFIGURATION}-output-files.xcfilelist",
			);
			runOnlyForDeploymentPostprocessing = 0;
			shellPath = /bin/sh;
			shellScript = "\"${PODS_ROOT}/Target Support Files/Pods-MetaWheater/Pods-MetaWheater-frameworks.sh\"\n";
			showEnvVarsInLog = 0;
		};
/* End PBXShellScriptBuildPhase section */

/* Begin PBXSourcesBuildPhase section */
		A93DC21E27AD6EE9001AA484 /* Sources */ = {
			isa = PBXSourcesBuildPhase;
			buildActionMask = 2147483647;
			files = (
				A93DC24227AD73D5001AA484 /* NetworkManager.swift in Sources */,
				A9F1E19C27ADB00F0088ED95 /* WheaterVM.swift in Sources */,
				A93DC25C27AD74D8001AA484 /* MainVM.swift in Sources */,
				A93DC26227AD7537001AA484 /* MainService.swift in Sources */,
				A93DC24A27AD7403001AA484 /* BaseVM.swift in Sources */,
				A93DC26527AD7559001AA484 /* CityModel.swift in Sources */,
				A93DC22A27AD6EE9001AA484 /* ViewController.swift in Sources */,
				A93DC23C27AD6FF9001AA484 /* CustomCell.swift in Sources */,
				A9F1E19327ADAF590088ED95 /* WheaterService.swift in Sources */,
				A9F1E19F27ADB0AD0088ED95 /* WheaterController.swift in Sources */,
				A93DC25927AD74A5001AA484 /* MainVC.swift in Sources */,
				A93DC24627AD73EC001AA484 /* BaseService.swift in Sources */,
				A9F1E1A527ADF9AA0088ED95 /* WheaterCell.swift in Sources */,
				A93DC25F27AD74E8001AA484 /* MainView.swift in Sources */,
				A93DC24D27AD7411001AA484 /* BaseVC.swift in Sources */,
				A9F1E1A927ADFCC60088ED95 /* UIView+Extension.swift in Sources */,
				A93DC22627AD6EE9001AA484 /* AppDelegate.swift in Sources */,
				A93DC26827AD756C001AA484 /* CityCell.swift in Sources */,
				A9F1E19927ADAFD60088ED95 /* WheaterView.swift in Sources */,
				A9F1E19627ADAF7B0088ED95 /* WheaterModel.swift in Sources */,
				A93DC25027AD7421001AA484 /* BaseView.swift in Sources */,
			);
			runOnlyForDeploymentPostprocessing = 0;
		};
/* End PBXSourcesBuildPhase section */

/* Begin PBXVariantGroup section */
		A93DC23027AD6EEC001AA484 /* LaunchScreen.storyboard */ = {
			isa = PBXVariantGroup;
			children = (
				A93DC23127AD6EEC001AA484 /* Base */,
			);
			name = LaunchScreen.storyboard;
			sourceTree = "<group>";
		};
/* End PBXVariantGroup section */

/* Begin XCBuildConfiguration section */
		A93DC23427AD6EEC001AA484 /* Debug */ = {
			isa = XCBuildConfiguration;
			buildSettings = {
				ALWAYS_SEARCH_USER_PATHS = NO;
				CLANG_ANALYZER_NONNULL = YES;
				CLANG_ANALYZER_NUMBER_OBJECT_CONVERSION = YES_AGGRESSIVE;
				CLANG_CXX_LANGUAGE_STANDARD = "gnu++14";
				CLANG_CXX_LIBRARY = "libc++";
				CLANG_ENABLE_MODULES = YES;
				CLANG_ENABLE_OBJC_ARC = YES;
				CLANG_ENABLE_OBJC_WEAK = YES;
				CLANG_WARN_BLOCK_CAPTURE_AUTORELEASING = YES;
				CLANG_WARN_BOOL_CONVERSION = YES;
				CLANG_WARN_COMMA = YES;
				CLANG_WARN_CONSTANT_CONVERSION = YES;
				CLANG_WARN_DEPRECATED_OBJC_IMPLEMENTATIONS = YES;
				CLANG_WARN_DIRECT_OBJC_ISA_USAGE = YES_ERROR;
				CLANG_WARN_DOCUMENTATION_COMMENTS = YES;
				CLANG_WARN_EMPTY_BODY = YES;
				CLANG_WARN_ENUM_CONVERSION = YES;
				CLANG_WARN_INFINITE_RECURSION = YES;
				CLANG_WARN_INT_CONVERSION = YES;
				CLANG_WARN_NON_LITERAL_NULL_CONVERSION = YES;
				CLANG_WARN_OBJC_IMPLICIT_RETAIN_SELF = YES;
				CLANG_WARN_OBJC_LITERAL_CONVERSION = YES;
				CLANG_WARN_OBJC_ROOT_CLASS = YES_ERROR;
				CLANG_WARN_QUOTED_INCLUDE_IN_FRAMEWORK_HEADER = YES;
				CLANG_WARN_RANGE_LOOP_ANALYSIS = YES;
				CLANG_WARN_STRICT_PROTOTYPES = YES;
				CLANG_WARN_SUSPICIOUS_MOVE = YES;
				CLANG_WARN_UNGUARDED_AVAILABILITY = YES_AGGRESSIVE;
				CLANG_WARN_UNREACHABLE_CODE = YES;
				CLANG_WARN__DUPLICATE_METHOD_MATCH = YES;
				COPY_PHASE_STRIP = NO;
				DEBUG_INFORMATION_FORMAT = dwarf;
				ENABLE_STRICT_OBJC_MSGSEND = YES;
				ENABLE_TESTABILITY = YES;
				GCC_C_LANGUAGE_STANDARD = gnu11;
				GCC_DYNAMIC_NO_PIC = NO;
				GCC_NO_COMMON_BLOCKS = YES;
				GCC_OPTIMIZATION_LEVEL = 0;
				GCC_PREPROCESSOR_DEFINITIONS = (
					"DEBUG=1",
					"$(inherited)",
				);
				GCC_WARN_64_TO_32_BIT_CONVERSION = YES;
				GCC_WARN_ABOUT_RETURN_TYPE = YES_ERROR;
				GCC_WARN_UNDECLARED_SELECTOR = YES;
				GCC_WARN_UNINITIALIZED_AUTOS = YES_AGGRESSIVE;
				GCC_WARN_UNUSED_FUNCTION = YES;
				GCC_WARN_UNUSED_VARIABLE = YES;
				IPHONEOS_DEPLOYMENT_TARGET = 13.0;
				MTL_ENABLE_DEBUG_INFO = INCLUDE_SOURCE;
				MTL_FAST_MATH = YES;
				ONLY_ACTIVE_ARCH = YES;
				SDKROOT = iphoneos;
				SWIFT_ACTIVE_COMPILATION_CONDITIONS = DEBUG;
				SWIFT_OPTIMIZATION_LEVEL = "-Onone";
			};
			name = Debug;
		};
		A93DC23527AD6EEC001AA484 /* Release */ = {
			isa = XCBuildConfiguration;
			buildSettings = {
				ALWAYS_SEARCH_USER_PATHS = NO;
				CLANG_ANALYZER_NONNULL = YES;
				CLANG_ANALYZER_NUMBER_OBJECT_CONVERSION = YES_AGGRESSIVE;
				CLANG_CXX_LANGUAGE_STANDARD = "gnu++14";
				CLANG_CXX_LIBRARY = "libc++";
				CLANG_ENABLE_MODULES = YES;
				CLANG_ENABLE_OBJC_ARC = YES;
				CLANG_ENABLE_OBJC_WEAK = YES;
				CLANG_WARN_BLOCK_CAPTURE_AUTORELEASING = YES;
				CLANG_WARN_BOOL_CONVERSION = YES;
				CLANG_WARN_COMMA = YES;
				CLANG_WARN_CONSTANT_CONVERSION = YES;
				CLANG_WARN_DEPRECATED_OBJC_IMPLEMENTATIONS = YES;
				CLANG_WARN_DIRECT_OBJC_ISA_USAGE = YES_ERROR;
				CLANG_WARN_DOCUMENTATION_COMMENTS = YES;
				CLANG_WARN_EMPTY_BODY = YES;
				CLANG_WARN_ENUM_CONVERSION = YES;
				CLANG_WARN_INFINITE_RECURSION = YES;
				CLANG_WARN_INT_CONVERSION = YES;
				CLANG_WARN_NON_LITERAL_NULL_CONVERSION = YES;
				CLANG_WARN_OBJC_IMPLICIT_RETAIN_SELF = YES;
				CLANG_WARN_OBJC_LITERAL_CONVERSION = YES;
				CLANG_WARN_OBJC_ROOT_CLASS = YES_ERROR;
				CLANG_WARN_QUOTED_INCLUDE_IN_FRAMEWORK_HEADER = YES;
				CLANG_WARN_RANGE_LOOP_ANALYSIS = YES;
				CLANG_WARN_STRICT_PROTOTYPES = YES;
				CLANG_WARN_SUSPICIOUS_MOVE = YES;
				CLANG_WARN_UNGUARDED_AVAILABILITY = YES_AGGRESSIVE;
				CLANG_WARN_UNREACHABLE_CODE = YES;
				CLANG_WARN__DUPLICATE_METHOD_MATCH = YES;
				COPY_PHASE_STRIP = NO;
				DEBUG_INFORMATION_FORMAT = "dwarf-with-dsym";
				ENABLE_NS_ASSERTIONS = NO;
				ENABLE_STRICT_OBJC_MSGSEND = YES;
				GCC_C_LANGUAGE_STANDARD = gnu11;
				GCC_NO_COMMON_BLOCKS = YES;
				GCC_WARN_64_TO_32_BIT_CONVERSION = YES;
				GCC_WARN_ABOUT_RETURN_TYPE = YES_ERROR;
				GCC_WARN_UNDECLARED_SELECTOR = YES;
				GCC_WARN_UNINITIALIZED_AUTOS = YES_AGGRESSIVE;
				GCC_WARN_UNUSED_FUNCTION = YES;
				GCC_WARN_UNUSED_VARIABLE = YES;
				IPHONEOS_DEPLOYMENT_TARGET = 13.0;
				MTL_ENABLE_DEBUG_INFO = NO;
				MTL_FAST_MATH = YES;
				SDKROOT = iphoneos;
				SWIFT_COMPILATION_MODE = wholemodule;
				SWIFT_OPTIMIZATION_LEVEL = "-O";
				VALIDATE_PRODUCT = YES;
			};
			name = Release;
		};
		A93DC23727AD6EEC001AA484 /* Debug */ = {
			isa = XCBuildConfiguration;
			baseConfigurationReference = 04EC6F8B3A4B07BF7A4A9E5E /* Pods-MetaWheater.debug.xcconfig */;
			buildSettings = {
				ASSETCATALOG_COMPILER_APPICON_NAME = AppIcon;
				ASSETCATALOG_COMPILER_GLOBAL_ACCENT_COLOR_NAME = AccentColor;
				BaseURL = "https://www.metaweather.com/";
				CODE_SIGN_STYLE = Automatic;
				DEVELOPMENT_TEAM = 2F5H7LLA5P;
				INFOPLIST_FILE = MetaWheater/Info.plist;
				LD_RUNPATH_SEARCH_PATHS = (
					"$(inherited)",
					"@executable_path/Frameworks",
				);
				PRODUCT_BUNDLE_IDENTIFIER = com.hasan.MetaWheater;
				PRODUCT_NAME = "$(TARGET_NAME)";
				SWIFT_VERSION = 5.0;
				TARGETED_DEVICE_FAMILY = "1,2";
			};
			name = Debug;
		};
		A93DC23827AD6EEC001AA484 /* Release */ = {
			isa = XCBuildConfiguration;
			baseConfigurationReference = 47462FBC40B1F930F4ED0F93 /* Pods-MetaWheater.release.xcconfig */;
			buildSettings = {
				ASSETCATALOG_COMPILER_APPICON_NAME = AppIcon;
				ASSETCATALOG_COMPILER_GLOBAL_ACCENT_COLOR_NAME = AccentColor;
				BaseURL = "https://www.metaweather.com/";
				CODE_SIGN_STYLE = Automatic;
				DEVELOPMENT_TEAM = 2F5H7LLA5P;
				INFOPLIST_FILE = MetaWheater/Info.plist;
				LD_RUNPATH_SEARCH_PATHS = (
					"$(inherited)",
					"@executable_path/Frameworks",
				);
				PRODUCT_BUNDLE_IDENTIFIER = com.hasan.MetaWheater;
				PRODUCT_NAME = "$(TARGET_NAME)";
				SWIFT_VERSION = 5.0;
				TARGETED_DEVICE_FAMILY = "1,2";
			};
			name = Release;
		};
/* End XCBuildConfiguration section */

/* Begin XCConfigurationList section */
		A93DC21D27AD6EE9001AA484 /* Build configuration list for PBXProject "MetaWheater" */ = {
			isa = XCConfigurationList;
			buildConfigurations = (
				A93DC23427AD6EEC001AA484 /* Debug */,
				A93DC23527AD6EEC001AA484 /* Release */,
			);
			defaultConfigurationIsVisible = 0;
			defaultConfigurationName = Release;
		};
		A93DC23627AD6EEC001AA484 /* Build configuration list for PBXNativeTarget "MetaWheater" */ = {
			isa = XCConfigurationList;
			buildConfigurations = (
				A93DC23727AD6EEC001AA484 /* Debug */,
				A93DC23827AD6EEC001AA484 /* Release */,
			);
			defaultConfigurationIsVisible = 0;
			defaultConfigurationName = Release;
		};
/* End XCConfigurationList section */
	};
	rootObject = A93DC21A27AD6EE9001AA484 /* Project object */;
}
